
Microsoft Visual Studio Solution File, Format Version 12.00
# Visual Studio Version 17
VisualStudioVersion = 17.11.35222.181
MinimumVisualStudioVersion = 10.0.40219.1
Project("{FAE04EC0-301F-11D3-BF4B-00C04F79EFBC}") = "prac12", "prac12\prac12.csproj", "{679CCBE7-FD14-44B3-8A11-7F5C5A0FA6F3}"
EndProject
Global
	GlobalSection(SolutionConfigurationPlatforms) = preSolution
		Debug|Any CPU = Debug|Any CPU
		Release|Any CPU = Release|Any CPU
	EndGlobalSection
	GlobalSection(ProjectConfigurationPlatforms) = postSolution
		{679CCBE7-FD14-44B3-8A11-7F5C5A0FA6F3}.Debug|Any CPU.ActiveCfg = Debug|Any CPU
		{679CCBE7-FD14-44B3-8A11-7F5C5A0FA6F3}.Debug|Any CPU.Build.0 = Debug|Any CPU
		{679CCBE7-FD14-44B3-8A11-7F5C5A0FA6F3}.Release|Any CPU.ActiveCfg = Release|Any CPU
		{679CCBE7-FD14-44B3-8A11-7F5C5A0FA6F3}.Release|Any CPU.Build.0 = Release|Any CPU
	EndGlobalSection
	GlobalSection(SolutionProperties) = preSolution
		HideSolutionNode = FALSE
	EndGlobalSection
	GlobalSection(ExtensibilityGlobals) = postSolution
		SolutionGuid = {4AE3203F-BA11-4B3A-B861-F58F985F34EF}
	EndGlobalSection
EndGlobal
